
Microsoft Visual Studio Solution File, Format Version 12.00
# Visual Studio 15
VisualStudioVersion = 15.0.26430.13
MinimumVisualStudioVersion = 10.0.40219.1
Project("{FAE04EC0-301F-11D3-BF4B-00C04F79EFBC}") = "SimInfoUpload", "SimInfoUpload\SimInfoUpload.csproj", "{50F5932C-D185-4BD1-8094-AB6A1D3EEBBB}"
EndProject
Global
	GlobalSection(SolutionConfigurationPlatforms) = preSolution
		Debug|Any CPU = Debug|Any CPU
		Debug|x86 = Debug|x86
		Release|Any CPU = Release|Any CPU
		Release|x86 = Release|x86
	EndGlobalSection
	GlobalSection(ProjectConfigurationPlatforms) = postSolution
		{50F5932C-D185-4BD1-8094-AB6A1D3EEBBB}.Debug|Any CPU.ActiveCfg = Debug|Any CPU
		{50F5932C-D185-4BD1-8094-AB6A1D3EEBBB}.Debug|Any CPU.Build.0 = Debug|Any CPU
		{50F5932C-D185-4BD1-8094-AB6A1D3EEBBB}.Debug|x86.ActiveCfg = Debug|x86
		{50F5932C-D185-4BD1-8094-AB6A1D3EEBBB}.Debug|x86.Build.0 = Debug|x86
		{50F5932C-D185-4BD1-8094-AB6A1D3EEBBB}.Release|Any CPU.ActiveCfg = Release|Any CPU
		{50F5932C-D185-4BD1-8094-AB6A1D3EEBBB}.Release|Any CPU.Build.0 = Release|Any CPU
		{50F5932C-D185-4BD1-8094-AB6A1D3EEBBB}.Release|x86.ActiveCfg = Release|x86
		{50F5932C-D185-4BD1-8094-AB6A1D3EEBBB}.Release|x86.Build.0 = Release|x86
	EndGlobalSection
	GlobalSection(SolutionProperties) = preSolution
		HideSolutionNode = FALSE
	EndGlobalSection
EndGlobal
